// !$*UTF8*$!
{
	archiveVersion = 1;
	classes = {
	};
	objectVersion = 56;
	objects = {

/* Begin PBXBuildFile section */
		BC9D0B976CCE8D9A12BF914C /* Pods_MessengerSwift.framework in Frameworks */ = {isa = PBXBuildFile; fileRef = 71367DFC7BCCBEEF41CC81AD /* Pods_MessengerSwift.framework */; };
		D450EF522A583ED00077C1A3 /* DatabaseManager.swift in Sources */ = {isa = PBXBuildFile; fileRef = D450EF512A583ED00077C1A3 /* DatabaseManager.swift */; };
		D450EF552A5844820077C1A3 /* FirebaseAnalytics in Frameworks */ = {isa = PBXBuildFile; productRef = D450EF542A5844820077C1A3 /* FirebaseAnalytics */; };
		D450EF572A5844820077C1A3 /* FirebaseAuth in Frameworks */ = {isa = PBXBuildFile; productRef = D450EF562A5844820077C1A3 /* FirebaseAuth */; };
		D450EF592A5844820077C1A3 /* FirebaseDatabase in Frameworks */ = {isa = PBXBuildFile; productRef = D450EF582A5844820077C1A3 /* FirebaseDatabase */; };
		D450EF5B2A5844820077C1A3 /* FirebaseFirestore in Frameworks */ = {isa = PBXBuildFile; productRef = D450EF5A2A5844820077C1A3 /* FirebaseFirestore */; };
		D450EF5D2A5844820077C1A3 /* FirebaseStorage in Frameworks */ = {isa = PBXBuildFile; productRef = D450EF5C2A5844820077C1A3 /* FirebaseStorage */; };
		D450EF602A5844F10077C1A3 /* FirebaseDatabaseSwift in Frameworks */ = {isa = PBXBuildFile; productRef = D450EF5F2A5844F10077C1A3 /* FirebaseDatabaseSwift */; };
		D450EF632A5BF5350077C1A3 /* FacebookCore in Frameworks */ = {isa = PBXBuildFile; productRef = D450EF622A5BF5350077C1A3 /* FacebookCore */; };
		D450EF652A5BF5350077C1A3 /* FacebookLogin in Frameworks */ = {isa = PBXBuildFile; productRef = D450EF642A5BF5350077C1A3 /* FacebookLogin */; };
		D450EF712A5CEC680077C1A3 /* JGProgressHUD in Frameworks */ = {isa = PBXBuildFile; productRef = D450EF702A5CEC680077C1A3 /* JGProgressHUD */; };
		D450EF742A5CECCF0077C1A3 /* Realm in Frameworks */ = {isa = PBXBuildFile; productRef = D450EF732A5CECCF0077C1A3 /* Realm */; };
		D450EF762A5CECCF0077C1A3 /* RealmSwift in Frameworks */ = {isa = PBXBuildFile; productRef = D450EF752A5CECCF0077C1A3 /* RealmSwift */; };
		D450EF792A5CECF70077C1A3 /* SDWebImage in Frameworks */ = {isa = PBXBuildFile; productRef = D450EF782A5CECF70077C1A3 /* SDWebImage */; };
		D45EDFCA2A5E18D0004C5C0D /* MessageKit in Frameworks */ = {isa = PBXBuildFile; productRef = D45EDFC92A5E18D0004C5C0D /* MessageKit */; };
		D45EDFCC2A5F5193004C5C0D /* StorageMnager.swift in Sources */ = {isa = PBXBuildFile; fileRef = D45EDFCB2A5F5193004C5C0D /* StorageMnager.swift */; };
		D47E5EC62A5804AA002C07C1 /* AppDelegate.swift in Sources */ = {isa = PBXBuildFile; fileRef = D47E5EC52A5804AA002C07C1 /* AppDelegate.swift */; };
		D47E5EC82A5804AA002C07C1 /* SceneDelegate.swift in Sources */ = {isa = PBXBuildFile; fileRef = D47E5EC72A5804AA002C07C1 /* SceneDelegate.swift */; };
		D47E5ECA2A5804AA002C07C1 /* ConversationsVC.swift in Sources */ = {isa = PBXBuildFile; fileRef = D47E5EC92A5804AA002C07C1 /* ConversationsVC.swift */; };
		D47E5ECD2A5804AA002C07C1 /* Main.storyboard in Resources */ = {isa = PBXBuildFile; fileRef = D47E5ECB2A5804AA002C07C1 /* Main.storyboard */; };
		D47E5ECF2A5804AB002C07C1 /* Assets.xcassets in Resources */ = {isa = PBXBuildFile; fileRef = D47E5ECE2A5804AB002C07C1 /* Assets.xcassets */; };
		D47E5ED22A5804AB002C07C1 /* LaunchScreen.storyboard in Resources */ = {isa = PBXBuildFile; fileRef = D47E5ED02A5804AB002C07C1 /* LaunchScreen.storyboard */; };
		D47E5EDF2A58068D002C07C1 /* Extensions.swift in Sources */ = {isa = PBXBuildFile; fileRef = D47E5EDE2A58068D002C07C1 /* Extensions.swift */; };
		D47E5EE22A5806DA002C07C1 /* ProfileVC.swift in Sources */ = {isa = PBXBuildFile; fileRef = D47E5EE12A5806DA002C07C1 /* ProfileVC.swift */; };
		D47E5EE42A5806FA002C07C1 /* NewConversationsVC.swift in Sources */ = {isa = PBXBuildFile; fileRef = D47E5EE32A5806FA002C07C1 /* NewConversationsVC.swift */; };
		D47E5EE82A58071B002C07C1 /* PhotoViewerVC.swift in Sources */ = {isa = PBXBuildFile; fileRef = D47E5EE72A58071B002C07C1 /* PhotoViewerVC.swift */; };
		D47E5EEA2A58077C002C07C1 /* LoginVC.swift in Sources */ = {isa = PBXBuildFile; fileRef = D47E5EE92A58077C002C07C1 /* LoginVC.swift */; };
		D47E5EEC2A58078A002C07C1 /* RegisterVC.swift in Sources */ = {isa = PBXBuildFile; fileRef = D47E5EEB2A58078A002C07C1 /* RegisterVC.swift */; };
		D47E5EEE2A580A88002C07C1 /* GoogleService-Info.plist in Resources */ = {isa = PBXBuildFile; fileRef = D47E5EED2A580A88002C07C1 /* GoogleService-Info.plist */; };
		D49BCC652A5F78BC002D53FE /* GoogleSignIn in Frameworks */ = {isa = PBXBuildFile; productRef = D49BCC642A5F78BC002D53FE /* GoogleSignIn */; };
		D49BCC672A5F78BC002D53FE /* GoogleSignInSwift in Frameworks */ = {isa = PBXBuildFile; productRef = D49BCC662A5F78BC002D53FE /* GoogleSignInSwift */; };
		D4DFB1672A5CF131006A8008 /* ChatVC.swift in Sources */ = {isa = PBXBuildFile; fileRef = D4DFB1662A5CF131006A8008 /* ChatVC.swift */; };
		D4EB15732A7D5342006C29C7 /* ConversationModel.swift in Sources */ = {isa = PBXBuildFile; fileRef = D4EB15722A7D5342006C29C7 /* ConversationModel.swift */; };
		D4EB15752A7D538A006C29C7 /* ChatModels.swift in Sources */ = {isa = PBXBuildFile; fileRef = D4EB15742A7D538A006C29C7 /* ChatModels.swift */; };
		D4EB15772A7D5414006C29C7 /* SearchResult.swift in Sources */ = {isa = PBXBuildFile; fileRef = D4EB15762A7D5414006C29C7 /* SearchResult.swift */; };
		D4EB157A2A7D5468006C29C7 /* ProfileViewModels.swift in Sources */ = {isa = PBXBuildFile; fileRef = D4EB15792A7D5468006C29C7 /* ProfileViewModels.swift */; };
		D4F331D32A65724E00991743 /* ConversationTableViewCell.swift in Sources */ = {isa = PBXBuildFile; fileRef = D4F331D22A65724E00991743 /* ConversationTableViewCell.swift */; };
		D4F79A2F2A76A5ED00227F67 /* NewConversationCell.swift in Sources */ = {isa = PBXBuildFile; fileRef = D4F79A2E2A76A5ED00227F67 /* NewConversationCell.swift */; };
		D4F79A312A7A846700227F67 /* LocationPickerVC.swift in Sources */ = {isa = PBXBuildFile; fileRef = D4F79A302A7A846700227F67 /* LocationPickerVC.swift */; };
		D4F79A332A7C421100227F67 /* FirebaseCrashlytics in Frameworks */ = {isa = PBXBuildFile; productRef = D4F79A322A7C421100227F67 /* FirebaseCrashlytics */; };
/* End PBXBuildFile section */

/* Begin PBXFileReference section */
		290A6CBEF2893B7685EB8D39 /* Pods-MessengerSwift.release.xcconfig */ = {isa = PBXFileReference; includeInIndex = 1; lastKnownFileType = text.xcconfig; name = "Pods-MessengerSwift.release.xcconfig"; path = "Target Support Files/Pods-MessengerSwift/Pods-MessengerSwift.release.xcconfig"; sourceTree = "<group>"; };
		71367DFC7BCCBEEF41CC81AD /* Pods_MessengerSwift.framework */ = {isa = PBXFileReference; explicitFileType = wrapper.framework; includeInIndex = 0; path = Pods_MessengerSwift.framework; sourceTree = BUILT_PRODUCTS_DIR; };
		CD6D5868F1A53E70ADF2221C /* Pods-MessengerSwift.debug.xcconfig */ = {isa = PBXFileReference; includeInIndex = 1; lastKnownFileType = text.xcconfig; name = "Pods-MessengerSwift.debug.xcconfig"; path = "Target Support Files/Pods-MessengerSwift/Pods-MessengerSwift.debug.xcconfig"; sourceTree = "<group>"; };
		D450EF512A583ED00077C1A3 /* DatabaseManager.swift */ = {isa = PBXFileReference; lastKnownFileType = sourcecode.swift; path = DatabaseManager.swift; sourceTree = "<group>"; };
		D450EF662A5BF8B30077C1A3 /* MessengerSwift.entitlements */ = {isa = PBXFileReference; lastKnownFileType = text.plist.entitlements; path = MessengerSwift.entitlements; sourceTree = "<group>"; };
		D45EDFCB2A5F5193004C5C0D /* StorageMnager.swift */ = {isa = PBXFileReference; lastKnownFileType = sourcecode.swift; path = StorageMnager.swift; sourceTree = "<group>"; };
		D47E5EC22A5804AA002C07C1 /* MessengerSwift.app */ = {isa = PBXFileReference; explicitFileType = wrapper.application; includeInIndex = 0; path = MessengerSwift.app; sourceTree = BUILT_PRODUCTS_DIR; };
		D47E5EC52A5804AA002C07C1 /* AppDelegate.swift */ = {isa = PBXFileReference; lastKnownFileType = sourcecode.swift; path = AppDelegate.swift; sourceTree = "<group>"; };
		D47E5EC72A5804AA002C07C1 /* SceneDelegate.swift */ = {isa = PBXFileReference; lastKnownFileType = sourcecode.swift; path = SceneDelegate.swift; sourceTree = "<group>"; };
		D47E5EC92A5804AA002C07C1 /* ConversationsVC.swift */ = {isa = PBXFileReference; lastKnownFileType = sourcecode.swift; path = ConversationsVC.swift; sourceTree = "<group>"; };
		D47E5ECC2A5804AA002C07C1 /* Base */ = {isa = PBXFileReference; lastKnownFileType = file.storyboard; name = Base; path = Base.lproj/Main.storyboard; sourceTree = "<group>"; };
		D47E5ECE2A5804AB002C07C1 /* Assets.xcassets */ = {isa = PBXFileReference; lastKnownFileType = folder.assetcatalog; path = Assets.xcassets; sourceTree = "<group>"; };
		D47E5ED12A5804AB002C07C1 /* Base */ = {isa = PBXFileReference; lastKnownFileType = file.storyboard; name = Base; path = Base.lproj/LaunchScreen.storyboard; sourceTree = "<group>"; };
		D47E5ED32A5804AB002C07C1 /* Info.plist */ = {isa = PBXFileReference; lastKnownFileType = text.plist.xml; path = Info.plist; sourceTree = "<group>"; };
		D47E5EDE2A58068D002C07C1 /* Extensions.swift */ = {isa = PBXFileReference; lastKnownFileType = sourcecode.swift; path = Extensions.swift; sourceTree = "<group>"; };
		D47E5EE12A5806DA002C07C1 /* ProfileVC.swift */ = {isa = PBXFileReference; lastKnownFileType = sourcecode.swift; path = ProfileVC.swift; sourceTree = "<group>"; };
		D47E5EE32A5806FA002C07C1 /* NewConversationsVC.swift */ = {isa = PBXFileReference; lastKnownFileType = sourcecode.swift; path = NewConversationsVC.swift; sourceTree = "<group>"; };
		D47E5EE72A58071B002C07C1 /* PhotoViewerVC.swift */ = {isa = PBXFileReference; lastKnownFileType = sourcecode.swift; path = PhotoViewerVC.swift; sourceTree = "<group>"; };
		D47E5EE92A58077C002C07C1 /* LoginVC.swift */ = {isa = PBXFileReference; lastKnownFileType = sourcecode.swift; path = LoginVC.swift; sourceTree = "<group>"; };
		D47E5EEB2A58078A002C07C1 /* RegisterVC.swift */ = {isa = PBXFileReference; lastKnownFileType = sourcecode.swift; path = RegisterVC.swift; sourceTree = "<group>"; };
		D47E5EED2A580A88002C07C1 /* GoogleService-Info.plist */ = {isa = PBXFileReference; fileEncoding = 4; lastKnownFileType = text.plist.xml; path = "GoogleService-Info.plist"; sourceTree = "<group>"; };
		D4DFB1662A5CF131006A8008 /* ChatVC.swift */ = {isa = PBXFileReference; lastKnownFileType = sourcecode.swift; path = ChatVC.swift; sourceTree = "<group>"; };
		D4EB15722A7D5342006C29C7 /* ConversationModel.swift */ = {isa = PBXFileReference; lastKnownFileType = sourcecode.swift; path = ConversationModel.swift; sourceTree = "<group>"; };
		D4EB15742A7D538A006C29C7 /* ChatModels.swift */ = {isa = PBXFileReference; lastKnownFileType = sourcecode.swift; path = ChatModels.swift; sourceTree = "<group>"; };
		D4EB15762A7D5414006C29C7 /* SearchResult.swift */ = {isa = PBXFileReference; lastKnownFileType = sourcecode.swift; path = SearchResult.swift; sourceTree = "<group>"; };
		D4EB15792A7D5468006C29C7 /* ProfileViewModels.swift */ = {isa = PBXFileReference; lastKnownFileType = sourcecode.swift; path = ProfileViewModels.swift; sourceTree = "<group>"; };
		D4F331D22A65724E00991743 /* ConversationTableViewCell.swift */ = {isa = PBXFileReference; lastKnownFileType = sourcecode.swift; path = ConversationTableViewCell.swift; sourceTree = "<group>"; };
		D4F79A2E2A76A5ED00227F67 /* NewConversationCell.swift */ = {isa = PBXFileReference; lastKnownFileType = sourcecode.swift; path = NewConversationCell.swift; sourceTree = "<group>"; };
		D4F79A302A7A846700227F67 /* LocationPickerVC.swift */ = {isa = PBXFileReference; lastKnownFileType = sourcecode.swift; path = LocationPickerVC.swift; sourceTree = "<group>"; };
/* End PBXFileReference section */

/* Begin PBXFrameworksBuildPhase section */
		D47E5EBF2A5804AA002C07C1 /* Frameworks */ = {
			isa = PBXFrameworksBuildPhase;
			buildActionMask = 2147483647;
			files = (
				D450EF652A5BF5350077C1A3 /* FacebookLogin in Frameworks */,
				D450EF602A5844F10077C1A3 /* FirebaseDatabaseSwift in Frameworks */,
				D450EF762A5CECCF0077C1A3 /* RealmSwift in Frameworks */,
				D49BCC672A5F78BC002D53FE /* GoogleSignInSwift in Frameworks */,
				D450EF592A5844820077C1A3 /* FirebaseDatabase in Frameworks */,
				D450EF712A5CEC680077C1A3 /* JGProgressHUD in Frameworks */,
				D49BCC652A5F78BC002D53FE /* GoogleSignIn in Frameworks */,
				D450EF632A5BF5350077C1A3 /* FacebookCore in Frameworks */,
				D450EF5B2A5844820077C1A3 /* FirebaseFirestore in Frameworks */,
				D450EF792A5CECF70077C1A3 /* SDWebImage in Frameworks */,
				D45EDFCA2A5E18D0004C5C0D /* MessageKit in Frameworks */,
				D450EF552A5844820077C1A3 /* FirebaseAnalytics in Frameworks */,
				D450EF5D2A5844820077C1A3 /* FirebaseStorage in Frameworks */,
				D4F79A332A7C421100227F67 /* FirebaseCrashlytics in Frameworks */,
				D450EF572A5844820077C1A3 /* FirebaseAuth in Frameworks */,
				D450EF742A5CECCF0077C1A3 /* Realm in Frameworks */,
				BC9D0B976CCE8D9A12BF914C /* Pods_MessengerSwift.framework in Frameworks */,
			);
			runOnlyForDeploymentPostprocessing = 0;
		};
/* End PBXFrameworksBuildPhase section */

/* Begin PBXGroup section */
		D450EF5E2A5844F10077C1A3 /* Frameworks */ = {
			isa = PBXGroup;
			children = (
				71367DFC7BCCBEEF41CC81AD /* Pods_MessengerSwift.framework */,
			);
			name = Frameworks;
			sourceTree = "<group>";
		};
		D47E5EB92A5804AA002C07C1 = {
			isa = PBXGroup;
			children = (
				D47E5EC42A5804AA002C07C1 /* MessengerSwift */,
				D47E5EC32A5804AA002C07C1 /* Products */,
				D450EF5E2A5844F10077C1A3 /* Frameworks */,
				DBEE8D5A6B45706C82A63AF9 /* Pods */,
			);
			sourceTree = "<group>";
		};
		D47E5EC32A5804AA002C07C1 /* Products */ = {
			isa = PBXGroup;
			children = (
				D47E5EC22A5804AA002C07C1 /* MessengerSwift.app */,
			);
			name = Products;
			sourceTree = "<group>";
		};
		D47E5EC42A5804AA002C07C1 /* MessengerSwift */ = {
			isa = PBXGroup;
			children = (
				D4EB15782A7D5458006C29C7 /* ViewModels */,
				D4EB15712A7D5329006C29C7 /* Models */,
				D450EF662A5BF8B30077C1A3 /* MessengerSwift.entitlements */,
				D47E5ED92A58052A002C07C1 /* Resources */,
				D47E5EDA2A58053F002C07C1 /* Views */,
				D47E5ECE2A5804AB002C07C1 /* Assets.xcassets */,
				D47E5ED32A5804AB002C07C1 /* Info.plist */,
				D47E5EED2A580A88002C07C1 /* GoogleService-Info.plist */,
			);
			path = MessengerSwift;
			sourceTree = "<group>";
		};
		D47E5ED92A58052A002C07C1 /* Resources */ = {
			isa = PBXGroup;
			children = (
				D47E5EC52A5804AA002C07C1 /* AppDelegate.swift */,
				D47E5EC72A5804AA002C07C1 /* SceneDelegate.swift */,
				D47E5EDE2A58068D002C07C1 /* Extensions.swift */,
				D450EF512A583ED00077C1A3 /* DatabaseManager.swift */,
				D45EDFCB2A5F5193004C5C0D /* StorageMnager.swift */,
			);
			path = Resources;
			sourceTree = "<group>";
		};
		D47E5EDA2A58053F002C07C1 /* Views */ = {
			isa = PBXGroup;
			children = (
				D47E5EDD2A58056A002C07C1 /* StoryBoards */,
				D47E5EDC2A580562002C07C1 /* Controllers */,
			);
			path = Views;
			sourceTree = "<group>";
		};
		D47E5EDC2A580562002C07C1 /* Controllers */ = {
			isa = PBXGroup;
			children = (
				D4F331D12A65723500991743 /* Cells */,
				D47E5EC92A5804AA002C07C1 /* ConversationsVC.swift */,
				D47E5EE02A5806C4002C07C1 /* Login */,
				D47E5EE12A5806DA002C07C1 /* ProfileVC.swift */,
				D47E5EE32A5806FA002C07C1 /* NewConversationsVC.swift */,
				D47E5EE72A58071B002C07C1 /* PhotoViewerVC.swift */,
				D4DFB1662A5CF131006A8008 /* ChatVC.swift */,
				D4F79A302A7A846700227F67 /* LocationPickerVC.swift */,
			);
			path = Controllers;
			sourceTree = "<group>";
		};
		D47E5EDD2A58056A002C07C1 /* StoryBoards */ = {
			isa = PBXGroup;
			children = (
				D47E5ECB2A5804AA002C07C1 /* Main.storyboard */,
				D47E5ED02A5804AB002C07C1 /* LaunchScreen.storyboard */,
			);
			path = StoryBoards;
			sourceTree = "<group>";
		};
		D47E5EE02A5806C4002C07C1 /* Login */ = {
			isa = PBXGroup;
			children = (
				D47E5EE92A58077C002C07C1 /* LoginVC.swift */,
				D47E5EEB2A58078A002C07C1 /* RegisterVC.swift */,
			);
			path = Login;
			sourceTree = "<group>";
		};
		D4EB15712A7D5329006C29C7 /* Models */ = {
			isa = PBXGroup;
			children = (
				D4EB15722A7D5342006C29C7 /* ConversationModel.swift */,
				D4EB15742A7D538A006C29C7 /* ChatModels.swift */,
				D4EB15762A7D5414006C29C7 /* SearchResult.swift */,
			);
			path = Models;
			sourceTree = "<group>";
		};
		D4EB15782A7D5458006C29C7 /* ViewModels */ = {
			isa = PBXGroup;
			children = (
				D4EB15792A7D5468006C29C7 /* ProfileViewModels.swift */,
			);
			path = ViewModels;
			sourceTree = "<group>";
		};
		D4F331D12A65723500991743 /* Cells */ = {
			isa = PBXGroup;
			children = (
				D4F331D22A65724E00991743 /* ConversationTableViewCell.swift */,
				D4F79A2E2A76A5ED00227F67 /* NewConversationCell.swift */,
			);
			path = Cells;
			sourceTree = "<group>";
		};
		DBEE8D5A6B45706C82A63AF9 /* Pods */ = {
			isa = PBXGroup;
			children = (
				CD6D5868F1A53E70ADF2221C /* Pods-MessengerSwift.debug.xcconfig */,
				290A6CBEF2893B7685EB8D39 /* Pods-MessengerSwift.release.xcconfig */,
			);
			path = Pods;
			sourceTree = "<group>";
		};
/* End PBXGroup section */

/* Begin PBXNativeTarget section */
		D47E5EC12A5804AA002C07C1 /* MessengerSwift */ = {
			isa = PBXNativeTarget;
			buildConfigurationList = D47E5ED62A5804AB002C07C1 /* Build configuration list for PBXNativeTarget "MessengerSwift" */;
			buildPhases = (
				2334BEC33ECF6EF8B0F6F59F /* [CP] Check Pods Manifest.lock */,
				D47E5EBE2A5804AA002C07C1 /* Sources */,
				D47E5EBF2A5804AA002C07C1 /* Frameworks */,
				D47E5EC02A5804AA002C07C1 /* Resources */,
				D4121FBD2A7C77A900E4F779 /* ShellScript */,
			);
			buildRules = (
			);
			dependencies = (
			);
			name = MessengerSwift;
			packageProductDependencies = (
				D450EF542A5844820077C1A3 /* FirebaseAnalytics */,
				D450EF562A5844820077C1A3 /* FirebaseAuth */,
				D450EF582A5844820077C1A3 /* FirebaseDatabase */,
				D450EF5A2A5844820077C1A3 /* FirebaseFirestore */,
				D450EF5C2A5844820077C1A3 /* FirebaseStorage */,
				D450EF5F2A5844F10077C1A3 /* FirebaseDatabaseSwift */,
				D450EF622A5BF5350077C1A3 /* FacebookCore */,
				D450EF642A5BF5350077C1A3 /* FacebookLogin */,
				D450EF702A5CEC680077C1A3 /* JGProgressHUD */,
				D450EF732A5CECCF0077C1A3 /* Realm */,
				D450EF752A5CECCF0077C1A3 /* RealmSwift */,
				D450EF782A5CECF70077C1A3 /* SDWebImage */,
				D45EDFC92A5E18D0004C5C0D /* MessageKit */,
				D49BCC642A5F78BC002D53FE /* GoogleSignIn */,
				D49BCC662A5F78BC002D53FE /* GoogleSignInSwift */,
				D4F79A322A7C421100227F67 /* FirebaseCrashlytics */,
			);
			productName = MessengerSwift;
			productReference = D47E5EC22A5804AA002C07C1 /* MessengerSwift.app */;
			productType = "com.apple.product-type.application";
		};
/* End PBXNativeTarget section */

/* Begin PBXProject section */
		D47E5EBA2A5804AA002C07C1 /* Project object */ = {
			isa = PBXProject;
			attributes = {
				BuildIndependentTargetsInParallel = 1;
				LastSwiftUpdateCheck = 1430;
				LastUpgradeCheck = 1430;
				TargetAttributes = {
					D47E5EC12A5804AA002C07C1 = {
						CreatedOnToolsVersion = 14.3.1;
					};
				};
			};
			buildConfigurationList = D47E5EBD2A5804AA002C07C1 /* Build configuration list for PBXProject "MessengerSwift" */;
			compatibilityVersion = "Xcode 14.0";
			developmentRegion = en;
			hasScannedForEncodings = 0;
			knownRegions = (
				en,
				Base,
			);
			mainGroup = D47E5EB92A5804AA002C07C1;
			packageReferences = (
				D450EF532A5844820077C1A3 /* XCRemoteSwiftPackageReference "firebase-ios-sdk" */,
				D450EF612A5BF5350077C1A3 /* XCRemoteSwiftPackageReference "facebook-ios-sdk" */,
				D450EF6F2A5CEC680077C1A3 /* XCRemoteSwiftPackageReference "JGProgressHUD" */,
				D450EF722A5CECCF0077C1A3 /* XCRemoteSwiftPackageReference "realm-swift" */,
				D450EF772A5CECF70077C1A3 /* XCRemoteSwiftPackageReference "SDWebImage" */,
				D45EDFC82A5E18D0004C5C0D /* XCRemoteSwiftPackageReference "MessageKit" */,
				D49BCC632A5F78BC002D53FE /* XCRemoteSwiftPackageReference "GoogleSignIn-iOS" */,
			);
			productRefGroup = D47E5EC32A5804AA002C07C1 /* Products */;
			projectDirPath = "";
			projectRoot = "";
			targets = (
				D47E5EC12A5804AA002C07C1 /* MessengerSwift */,
			);
		};
/* End PBXProject section */

/* Begin PBXResourcesBuildPhase section */
		D47E5EC02A5804AA002C07C1 /* Resources */ = {
			isa = PBXResourcesBuildPhase;
			buildActionMask = 2147483647;
			files = (
				D47E5ED22A5804AB002C07C1 /* LaunchScreen.storyboard in Resources */,
				D47E5EEE2A580A88002C07C1 /* GoogleService-Info.plist in Resources */,
				D47E5ECF2A5804AB002C07C1 /* Assets.xcassets in Resources */,
				D47E5ECD2A5804AA002C07C1 /* Main.storyboard in Resources */,
			);
			runOnlyForDeploymentPostprocessing = 0;
		};
/* End PBXResourcesBuildPhase section */

/* Begin PBXShellScriptBuildPhase section */
		2334BEC33ECF6EF8B0F6F59F /* [CP] Check Pods Manifest.lock */ = {
			isa = PBXShellScriptBuildPhase;
			buildActionMask = 2147483647;
			files = (
			);
			inputFileListPaths = (
			);
			inputPaths = (
				"${PODS_PODFILE_DIR_PATH}/Podfile.lock",
				"${PODS_ROOT}/Manifest.lock",
			);
			name = "[CP] Check Pods Manifest.lock";
			outputFileListPaths = (
			);
			outputPaths = (
				"$(DERIVED_FILE_DIR)/Pods-MessengerSwift-checkManifestLockResult.txt",
			);
			runOnlyForDeploymentPostprocessing = 0;
			shellPath = /bin/sh;
			shellScript = "diff \"${PODS_PODFILE_DIR_PATH}/Podfile.lock\" \"${PODS_ROOT}/Manifest.lock\" > /dev/null\nif [ $? != 0 ] ; then\n    # print error to STDERR\n    echo \"error: The sandbox is not in sync with the Podfile.lock. Run 'pod install' or update your CocoaPods installation.\" >&2\n    exit 1\nfi\n# This output is used by Xcode 'outputs' to avoid re-running this script phase.\necho \"SUCCESS\" > \"${SCRIPT_OUTPUT_FILE_0}\"\n";
			showEnvVarsInLog = 0;
		};
		D4121FBD2A7C77A900E4F779 /* ShellScript */ = {
			isa = PBXShellScriptBuildPhase;
			buildActionMask = 2147483647;
			files = (
			);
			inputFileListPaths = (
			);
			inputPaths = (
				"${DWARF_DSYM_FOLDER_PATH}/${DWARF_DSYM_FILE_NAME}",
				"${DWARF_DSYM_FOLDER_PATH}/${DWARF_DSYM_FILE_NAME}/Contents/Resources/DWARF/${PRODUCT_NAME}",
				"${DWARF_DSYM_FOLDER_PATH}/${DWARF_DSYM_FILE_NAME}/Contents/Info.plist",
				"$(BUILT_PRODUCTS_DIR)/$(UNLOCALIZED_RESOURCES_FOLDER_PATH)/GoogleService-Info.plist",
				"$(BUILT_PRODUCTS_DIR)/$(EXECUTABLE_PATH)",
			);
			outputFileListPaths = (
			);
			outputPaths = (
			);
			runOnlyForDeploymentPostprocessing = 0;
			shellPath = /bin/sh;
			shellScript = "\"${BUILD_DIR%/Build/*}/SourcePackages/checkouts/firebase-ios-sdk/Crashlytics/run\"\n";
		};
/* End PBXShellScriptBuildPhase section */

/* Begin PBXSourcesBuildPhase section */
		D47E5EBE2A5804AA002C07C1 /* Sources */ = {
			isa = PBXSourcesBuildPhase;
			buildActionMask = 2147483647;
			files = (
				D4DFB1672A5CF131006A8008 /* ChatVC.swift in Sources */,
				D4F79A312A7A846700227F67 /* LocationPickerVC.swift in Sources */,
				D4F79A2F2A76A5ED00227F67 /* NewConversationCell.swift in Sources */,
				D4EB15752A7D538A006C29C7 /* ChatModels.swift in Sources */,
				D450EF522A583ED00077C1A3 /* DatabaseManager.swift in Sources */,
				D47E5EE22A5806DA002C07C1 /* ProfileVC.swift in Sources */,
				D47E5ECA2A5804AA002C07C1 /* ConversationsVC.swift in Sources */,
				D4EB15732A7D5342006C29C7 /* ConversationModel.swift in Sources */,
				D4EB15772A7D5414006C29C7 /* SearchResult.swift in Sources */,
				D47E5EE82A58071B002C07C1 /* PhotoViewerVC.swift in Sources */,
				D47E5EC62A5804AA002C07C1 /* AppDelegate.swift in Sources */,
				D47E5EEA2A58077C002C07C1 /* LoginVC.swift in Sources */,
				D47E5EC82A5804AA002C07C1 /* SceneDelegate.swift in Sources */,
				D47E5EE42A5806FA002C07C1 /* NewConversationsVC.swift in Sources */,
				D4EB157A2A7D5468006C29C7 /* ProfileViewModels.swift in Sources */,
				D4F331D32A65724E00991743 /* ConversationTableViewCell.swift in Sources */,
				D47E5EDF2A58068D002C07C1 /* Extensions.swift in Sources */,
				D45EDFCC2A5F5193004C5C0D /* StorageMnager.swift in Sources */,
				D47E5EEC2A58078A002C07C1 /* RegisterVC.swift in Sources */,
			);
			runOnlyForDeploymentPostprocessing = 0;
		};
/* End PBXSourcesBuildPhase section */

/* Begin PBXVariantGroup section */
		D47E5ECB2A5804AA002C07C1 /* Main.storyboard */ = {
			isa = PBXVariantGroup;
			children = (
				D47E5ECC2A5804AA002C07C1 /* Base */,
			);
			name = Main.storyboard;
			sourceTree = "<group>";
		};
		D47E5ED02A5804AB002C07C1 /* LaunchScreen.storyboard */ = {
			isa = PBXVariantGroup;
			children = (
				D47E5ED12A5804AB002C07C1 /* Base */,
			);
			name = LaunchScreen.storyboard;
			sourceTree = "<group>";
		};
/* End PBXVariantGroup section */

/* Begin XCBuildConfiguration section */
		D47E5ED42A5804AB002C07C1 /* Debug */ = {
			isa = XCBuildConfiguration;
			buildSettings = {
				ALWAYS_SEARCH_USER_PATHS = NO;
				CLANG_ANALYZER_NONNULL = YES;
				CLANG_ANALYZER_NUMBER_OBJECT_CONVERSION = YES_AGGRESSIVE;
				CLANG_CXX_LANGUAGE_STANDARD = "gnu++20";
				CLANG_ENABLE_MODULES = YES;
				CLANG_ENABLE_OBJC_ARC = YES;
				CLANG_ENABLE_OBJC_WEAK = YES;
				CLANG_WARN_BLOCK_CAPTURE_AUTORELEASING = YES;
				CLANG_WARN_BOOL_CONVERSION = YES;
				CLANG_WARN_COMMA = YES;
				CLANG_WARN_CONSTANT_CONVERSION = YES;
				CLANG_WARN_DEPRECATED_OBJC_IMPLEMENTATIONS = YES;
				CLANG_WARN_DIRECT_OBJC_ISA_USAGE = YES_ERROR;
				CLANG_WARN_DOCUMENTATION_COMMENTS = YES;
				CLANG_WARN_EMPTY_BODY = YES;
				CLANG_WARN_ENUM_CONVERSION = YES;
				CLANG_WARN_INFINITE_RECURSION = YES;
				CLANG_WARN_INT_CONVERSION = YES;
				CLANG_WARN_NON_LITERAL_NULL_CONVERSION = YES;
				CLANG_WARN_OBJC_IMPLICIT_RETAIN_SELF = YES;
				CLANG_WARN_OBJC_LITERAL_CONVERSION = YES;
				CLANG_WARN_OBJC_ROOT_CLASS = YES_ERROR;
				CLANG_WARN_QUOTED_INCLUDE_IN_FRAMEWORK_HEADER = YES;
				CLANG_WARN_RANGE_LOOP_ANALYSIS = YES;
				CLANG_WARN_STRICT_PROTOTYPES = YES;
				CLANG_WARN_SUSPICIOUS_MOVE = YES;
				CLANG_WARN_UNGUARDED_AVAILABILITY = YES_AGGRESSIVE;
				CLANG_WARN_UNREACHABLE_CODE = YES;
				CLANG_WARN__DUPLICATE_METHOD_MATCH = YES;
				COPY_PHASE_STRIP = NO;
				DEBUG_INFORMATION_FORMAT = "dwarf-with-dsym";
				ENABLE_STRICT_OBJC_MSGSEND = YES;
				ENABLE_TESTABILITY = YES;
				GCC_C_LANGUAGE_STANDARD = gnu11;
				GCC_DYNAMIC_NO_PIC = NO;
				GCC_NO_COMMON_BLOCKS = YES;
				GCC_OPTIMIZATION_LEVEL = 0;
				GCC_PREPROCESSOR_DEFINITIONS = (
					"DEBUG=1",
					"$(inherited)",
				);
				GCC_WARN_64_TO_32_BIT_CONVERSION = YES;
				GCC_WARN_ABOUT_RETURN_TYPE = YES_ERROR;
				GCC_WARN_UNDECLARED_SELECTOR = YES;
				GCC_WARN_UNINITIALIZED_AUTOS = YES_AGGRESSIVE;
				GCC_WARN_UNUSED_FUNCTION = YES;
				GCC_WARN_UNUSED_VARIABLE = YES;
				IPHONEOS_DEPLOYMENT_TARGET = 16.4;
				MTL_ENABLE_DEBUG_INFO = INCLUDE_SOURCE;
				MTL_FAST_MATH = YES;
				ONLY_ACTIVE_ARCH = YES;
				SDKROOT = iphoneos;
				SWIFT_ACTIVE_COMPILATION_CONDITIONS = DEBUG;
				SWIFT_OPTIMIZATION_LEVEL = "-Onone";
			};
			name = Debug;
		};
		D47E5ED52A5804AB002C07C1 /* Release */ = {
			isa = XCBuildConfiguration;
			buildSettings = {
				ALWAYS_SEARCH_USER_PATHS = NO;
				CLANG_ANALYZER_NONNULL = YES;
				CLANG_ANALYZER_NUMBER_OBJECT_CONVERSION = YES_AGGRESSIVE;
				CLANG_CXX_LANGUAGE_STANDARD = "gnu++20";
				CLANG_ENABLE_MODULES = YES;
				CLANG_ENABLE_OBJC_ARC = YES;
				CLANG_ENABLE_OBJC_WEAK = YES;
				CLANG_WARN_BLOCK_CAPTURE_AUTORELEASING = YES;
				CLANG_WARN_BOOL_CONVERSION = YES;
				CLANG_WARN_COMMA = YES;
				CLANG_WARN_CONSTANT_CONVERSION = YES;
				CLANG_WARN_DEPRECATED_OBJC_IMPLEMENTATIONS = YES;
				CLANG_WARN_DIRECT_OBJC_ISA_USAGE = YES_ERROR;
				CLANG_WARN_DOCUMENTATION_COMMENTS = YES;
				CLANG_WARN_EMPTY_BODY = YES;
				CLANG_WARN_ENUM_CONVERSION = YES;
				CLANG_WARN_INFINITE_RECURSION = YES;
				CLANG_WARN_INT_CONVERSION = YES;
				CLANG_WARN_NON_LITERAL_NULL_CONVERSION = YES;
				CLANG_WARN_OBJC_IMPLICIT_RETAIN_SELF = YES;
				CLANG_WARN_OBJC_LITERAL_CONVERSION = YES;
				CLANG_WARN_OBJC_ROOT_CLASS = YES_ERROR;
				CLANG_WARN_QUOTED_INCLUDE_IN_FRAMEWORK_HEADER = YES;
				CLANG_WARN_RANGE_LOOP_ANALYSIS = YES;
				CLANG_WARN_STRICT_PROTOTYPES = YES;
				CLANG_WARN_SUSPICIOUS_MOVE = YES;
				CLANG_WARN_UNGUARDED_AVAILABILITY = YES_AGGRESSIVE;
				CLANG_WARN_UNREACHABLE_CODE = YES;
				CLANG_WARN__DUPLICATE_METHOD_MATCH = YES;
				COPY_PHASE_STRIP = NO;
				DEBUG_INFORMATION_FORMAT = "dwarf-with-dsym";
				ENABLE_NS_ASSERTIONS = NO;
				ENABLE_STRICT_OBJC_MSGSEND = YES;
				GCC_C_LANGUAGE_STANDARD = gnu11;
				GCC_NO_COMMON_BLOCKS = YES;
				GCC_WARN_64_TO_32_BIT_CONVERSION = YES;
				GCC_WARN_ABOUT_RETURN_TYPE = YES_ERROR;
				GCC_WARN_UNDECLARED_SELECTOR = YES;
				GCC_WARN_UNINITIALIZED_AUTOS = YES_AGGRESSIVE;
				GCC_WARN_UNUSED_FUNCTION = YES;
				GCC_WARN_UNUSED_VARIABLE = YES;
				IPHONEOS_DEPLOYMENT_TARGET = 16.4;
				MTL_ENABLE_DEBUG_INFO = NO;
				MTL_FAST_MATH = YES;
				SDKROOT = iphoneos;
				SWIFT_COMPILATION_MODE = wholemodule;
				SWIFT_OPTIMIZATION_LEVEL = "-O";
				VALIDATE_PRODUCT = YES;
			};
			name = Release;
		};
		D47E5ED72A5804AB002C07C1 /* Debug */ = {
			isa = XCBuildConfiguration;
			baseConfigurationReference = CD6D5868F1A53E70ADF2221C /* Pods-MessengerSwift.debug.xcconfig */;
			buildSettings = {
				ASSETCATALOG_COMPILER_APPICON_NAME = AppIcon;
				ASSETCATALOG_COMPILER_GLOBAL_ACCENT_COLOR_NAME = AccentColor;
				CODE_SIGN_ENTITLEMENTS = MessengerSwift/MessengerSwift.entitlements;
				CODE_SIGN_STYLE = Automatic;
				CURRENT_PROJECT_VERSION = 1;
				DEVELOPMENT_TEAM = 373Z282HAT;
				GENERATE_INFOPLIST_FILE = YES;
				INFOPLIST_FILE = MessengerSwift/Info.plist;
				INFOPLIST_KEY_LSApplicationCategoryType = "";
				INFOPLIST_KEY_UIApplicationSupportsIndirectInputEvents = YES;
				INFOPLIST_KEY_UILaunchStoryboardName = LaunchScreen;
				INFOPLIST_KEY_UIMainStoryboardFile = Main;
				INFOPLIST_KEY_UISupportedInterfaceOrientations_iPad = "UIInterfaceOrientationPortrait UIInterfaceOrientationPortraitUpsideDown UIInterfaceOrientationLandscapeLeft UIInterfaceOrientationLandscapeRight";
				INFOPLIST_KEY_UISupportedInterfaceOrientations_iPhone = "UIInterfaceOrientationPortrait UIInterfaceOrientationLandscapeLeft UIInterfaceOrientationLandscapeRight";
				LD_RUNPATH_SEARCH_PATHS = (
					"$(inherited)",
					"@executable_path/Frameworks",
				);
				MARKETING_VERSION = 1.0;
				PRODUCT_BUNDLE_IDENTIFIER = com.hakanbaran.MessengerSwift;
				PRODUCT_NAME = "$(TARGET_NAME)";
				SWIFT_EMIT_LOC_STRINGS = YES;
				SWIFT_VERSION = 5.0;
				TARGETED_DEVICE_FAMILY = "1,2";
			};
			name = Debug;
		};
		D47E5ED82A5804AB002C07C1 /* Release */ = {
			isa = XCBuildConfiguration;
			baseConfigurationReference = 290A6CBEF2893B7685EB8D39 /* Pods-MessengerSwift.release.xcconfig */;
			buildSettings = {
				ASSETCATALOG_COMPILER_APPICON_NAME = AppIcon;
				ASSETCATALOG_COMPILER_GLOBAL_ACCENT_COLOR_NAME = AccentColor;
				CODE_SIGN_ENTITLEMENTS = MessengerSwift/MessengerSwift.entitlements;
				CODE_SIGN_STYLE = Automatic;
				CURRENT_PROJECT_VERSION = 1;
				DEVELOPMENT_TEAM = 373Z282HAT;
				GENERATE_INFOPLIST_FILE = YES;
				INFOPLIST_FILE = MessengerSwift/Info.plist;
				INFOPLIST_KEY_LSApplicationCategoryType = "";
				INFOPLIST_KEY_UIApplicationSupportsIndirectInputEvents = YES;
				INFOPLIST_KEY_UILaunchStoryboardName = LaunchScreen;
				INFOPLIST_KEY_UIMainStoryboardFile = Main;
				INFOPLIST_KEY_UISupportedInterfaceOrientations_iPad = "UIInterfaceOrientationPortrait UIInterfaceOrientationPortraitUpsideDown UIInterfaceOrientationLandscapeLeft UIInterfaceOrientationLandscapeRight";
				INFOPLIST_KEY_UISupportedInterfaceOrientations_iPhone = "UIInterfaceOrientationPortrait UIInterfaceOrientationLandscapeLeft UIInterfaceOrientationLandscapeRight";
				LD_RUNPATH_SEARCH_PATHS = (
					"$(inherited)",
					"@executable_path/Frameworks",
				);
				MARKETING_VERSION = 1.0;
				PRODUCT_BUNDLE_IDENTIFIER = com.hakanbaran.MessengerSwift;
				PRODUCT_NAME = "$(TARGET_NAME)";
				SWIFT_EMIT_LOC_STRINGS = YES;
				SWIFT_VERSION = 5.0;
				TARGETED_DEVICE_FAMILY = "1,2";
			};
			name = Release;
		};
/* End XCBuildConfiguration section */

/* Begin XCConfigurationList section */
		D47E5EBD2A5804AA002C07C1 /* Build configuration list for PBXProject "MessengerSwift" */ = {
			isa = XCConfigurationList;
			buildConfigurations = (
				D47E5ED42A5804AB002C07C1 /* Debug */,
				D47E5ED52A5804AB002C07C1 /* Release */,
			);
			defaultConfigurationIsVisible = 0;
			defaultConfigurationName = Release;
		};
		D47E5ED62A5804AB002C07C1 /* Build configuration list for PBXNativeTarget "MessengerSwift" */ = {
			isa = XCConfigurationList;
			buildConfigurations = (
				D47E5ED72A5804AB002C07C1 /* Debug */,
				D47E5ED82A5804AB002C07C1 /* Release */,
			);
			defaultConfigurationIsVisible = 0;
			defaultConfigurationName = Release;
		};
/* End XCConfigurationList section */

/* Begin XCRemoteSwiftPackageReference section */
		D450EF532A5844820077C1A3 /* XCRemoteSwiftPackageReference "firebase-ios-sdk" */ = {
			isa = XCRemoteSwiftPackageReference;
			repositoryURL = "https://github.com/firebase/firebase-ios-sdk";
			requirement = {
				kind = upToNextMajorVersion;
				minimumVersion = 10.0.0;
			};
		};
		D450EF612A5BF5350077C1A3 /* XCRemoteSwiftPackageReference "facebook-ios-sdk" */ = {
			isa = XCRemoteSwiftPackageReference;
			repositoryURL = "https://github.com/facebook/facebook-ios-sdk";
			requirement = {
				kind = upToNextMajorVersion;
				minimumVersion = 14.0.0;
			};
		};
		D450EF6F2A5CEC680077C1A3 /* XCRemoteSwiftPackageReference "JGProgressHUD" */ = {
			isa = XCRemoteSwiftPackageReference;
			repositoryURL = "https://github.com/JonasGessner/JGProgressHUD";
			requirement = {
				kind = upToNextMajorVersion;
				minimumVersion = 2.0.0;
			};
		};
		D450EF722A5CECCF0077C1A3 /* XCRemoteSwiftPackageReference "realm-swift" */ = {
			isa = XCRemoteSwiftPackageReference;
			repositoryURL = "https://github.com/realm/realm-swift";
			requirement = {
				branch = master;
				kind = branch;
			};
		};
		D450EF772A5CECF70077C1A3 /* XCRemoteSwiftPackageReference "SDWebImage" */ = {
			isa = XCRemoteSwiftPackageReference;
			repositoryURL = "https://github.com/SDWebImage/SDWebImage.git";
			requirement = {
				kind = upToNextMajorVersion;
				minimumVersion = 5.0.0;
			};
		};
		D45EDFC82A5E18D0004C5C0D /* XCRemoteSwiftPackageReference "MessageKit" */ = {
			isa = XCRemoteSwiftPackageReference;
			repositoryURL = "https://github.com/MessageKit/MessageKit";
			requirement = {
				kind = versionRange;
				maximumVersion = 4.0.0;
				minimumVersion = 3.0.0;
			};
		};
		D49BCC632A5F78BC002D53FE /* XCRemoteSwiftPackageReference "GoogleSignIn-iOS" */ = {
			isa = XCRemoteSwiftPackageReference;
			repositoryURL = "https://github.com/google/GoogleSignIn-iOS";
			requirement = {
				kind = upToNextMajorVersion;
				minimumVersion = 7.0.0;
			};
		};
/* End XCRemoteSwiftPackageReference section */

/* Begin XCSwiftPackageProductDependency section */
		D450EF542A5844820077C1A3 /* FirebaseAnalytics */ = {
			isa = XCSwiftPackageProductDependency;
			package = D450EF532A5844820077C1A3 /* XCRemoteSwiftPackageReference "firebase-ios-sdk" */;
			productName = FirebaseAnalytics;
		};
		D450EF562A5844820077C1A3 /* FirebaseAuth */ = {
			isa = XCSwiftPackageProductDependency;
			package = D450EF532A5844820077C1A3 /* XCRemoteSwiftPackageReference "firebase-ios-sdk" */;
			productName = FirebaseAuth;
		};
		D450EF582A5844820077C1A3 /* FirebaseDatabase */ = {
			isa = XCSwiftPackageProductDependency;
			package = D450EF532A5844820077C1A3 /* XCRemoteSwiftPackageReference "firebase-ios-sdk" */;
			productName = FirebaseDatabase;
		};
		D450EF5A2A5844820077C1A3 /* FirebaseFirestore */ = {
			isa = XCSwiftPackageProductDependency;
			package = D450EF532A5844820077C1A3 /* XCRemoteSwiftPackageReference "firebase-ios-sdk" */;
			productName = FirebaseFirestore;
		};
		D450EF5C2A5844820077C1A3 /* FirebaseStorage */ = {
			isa = XCSwiftPackageProductDependency;
			package = D450EF532A5844820077C1A3 /* XCRemoteSwiftPackageReference "firebase-ios-sdk" */;
			productName = FirebaseStorage;
		};
		D450EF5F2A5844F10077C1A3 /* FirebaseDatabaseSwift */ = {
			isa = XCSwiftPackageProductDependency;
			package = D450EF532A5844820077C1A3 /* XCRemoteSwiftPackageReference "firebase-ios-sdk" */;
			productName = FirebaseDatabaseSwift;
		};
		D450EF622A5BF5350077C1A3 /* FacebookCore */ = {
			isa = XCSwiftPackageProductDependency;
			package = D450EF612A5BF5350077C1A3 /* XCRemoteSwiftPackageReference "facebook-ios-sdk" */;
			productName = FacebookCore;
		};
		D450EF642A5BF5350077C1A3 /* FacebookLogin */ = {
			isa = XCSwiftPackageProductDependency;
			package = D450EF612A5BF5350077C1A3 /* XCRemoteSwiftPackageReference "facebook-ios-sdk" */;
			productName = FacebookLogin;
		};
		D450EF702A5CEC680077C1A3 /* JGProgressHUD */ = {
			isa = XCSwiftPackageProductDependency;
			package = D450EF6F2A5CEC680077C1A3 /* XCRemoteSwiftPackageReference "JGProgressHUD" */;
			productName = JGProgressHUD;
		};
		D450EF732A5CECCF0077C1A3 /* Realm */ = {
			isa = XCSwiftPackageProductDependency;
			package = D450EF722A5CECCF0077C1A3 /* XCRemoteSwiftPackageReference "realm-swift" */;
			productName = Realm;
		};
		D450EF752A5CECCF0077C1A3 /* RealmSwift */ = {
			isa = XCSwiftPackageProductDependency;
			package = D450EF722A5CECCF0077C1A3 /* XCRemoteSwiftPackageReference "realm-swift" */;
			productName = RealmSwift;
		};
		D450EF782A5CECF70077C1A3 /* SDWebImage */ = {
			isa = XCSwiftPackageProductDependency;
			package = D450EF772A5CECF70077C1A3 /* XCRemoteSwiftPackageReference "SDWebImage" */;
			productName = SDWebImage;
		};
		D45EDFC92A5E18D0004C5C0D /* MessageKit */ = {
			isa = XCSwiftPackageProductDependency;
			package = D45EDFC82A5E18D0004C5C0D /* XCRemoteSwiftPackageReference "MessageKit" */;
			productName = MessageKit;
		};
		D49BCC642A5F78BC002D53FE /* GoogleSignIn */ = {
			isa = XCSwiftPackageProductDependency;
			package = D49BCC632A5F78BC002D53FE /* XCRemoteSwiftPackageReference "GoogleSignIn-iOS" */;
			productName = GoogleSignIn;
		};
		D49BCC662A5F78BC002D53FE /* GoogleSignInSwift */ = {
			isa = XCSwiftPackageProductDependency;
			package = D49BCC632A5F78BC002D53FE /* XCRemoteSwiftPackageReference "GoogleSignIn-iOS" */;
			productName = GoogleSignInSwift;
		};
		D4F79A322A7C421100227F67 /* FirebaseCrashlytics */ = {
			isa = XCSwiftPackageProductDependency;
			package = D450EF532A5844820077C1A3 /* XCRemoteSwiftPackageReference "firebase-ios-sdk" */;
			productName = FirebaseCrashlytics;
		};
/* End XCSwiftPackageProductDependency section */
	};
	rootObject = D47E5EBA2A5804AA002C07C1 /* Project object */;
}
