// !$*UTF8*$!
{
	archiveVersion = 1;
	classes = {
	};
	objectVersion = 56;
	objects = {

/* Begin PBXBuildFile section */
		D4098CB72A5810C800F4D431 /* FirebaseAnalytics in Frameworks */ = {isa = PBXBuildFile; productRef = D4098CB62A5810C800F4D431 /* FirebaseAnalytics */; };
		D4098CB92A5810C800F4D431 /* FirebaseAuth in Frameworks */ = {isa = PBXBuildFile; productRef = D4098CB82A5810C800F4D431 /* FirebaseAuth */; };
		D4098CBB2A5810C800F4D431 /* FirebaseFirestore in Frameworks */ = {isa = PBXBuildFile; productRef = D4098CBA2A5810C800F4D431 /* FirebaseFirestore */; };
		D4098CBD2A5810C800F4D431 /* FirebaseStorage in Frameworks */ = {isa = PBXBuildFile; productRef = D4098CBC2A5810C800F4D431 /* FirebaseStorage */; };
		D47E5EC62A5804AA002C07C1 /* AppDelegate.swift in Sources */ = {isa = PBXBuildFile; fileRef = D47E5EC52A5804AA002C07C1 /* AppDelegate.swift */; };
		D47E5EC82A5804AA002C07C1 /* SceneDelegate.swift in Sources */ = {isa = PBXBuildFile; fileRef = D47E5EC72A5804AA002C07C1 /* SceneDelegate.swift */; };
		D47E5ECA2A5804AA002C07C1 /* ConversationsVC.swift in Sources */ = {isa = PBXBuildFile; fileRef = D47E5EC92A5804AA002C07C1 /* ConversationsVC.swift */; };
		D47E5ECD2A5804AA002C07C1 /* Main.storyboard in Resources */ = {isa = PBXBuildFile; fileRef = D47E5ECB2A5804AA002C07C1 /* Main.storyboard */; };
		D47E5ECF2A5804AB002C07C1 /* Assets.xcassets in Resources */ = {isa = PBXBuildFile; fileRef = D47E5ECE2A5804AB002C07C1 /* Assets.xcassets */; };
		D47E5ED22A5804AB002C07C1 /* LaunchScreen.storyboard in Resources */ = {isa = PBXBuildFile; fileRef = D47E5ED02A5804AB002C07C1 /* LaunchScreen.storyboard */; };
		D47E5EDF2A58068D002C07C1 /* Extensions.swift in Sources */ = {isa = PBXBuildFile; fileRef = D47E5EDE2A58068D002C07C1 /* Extensions.swift */; };
		D47E5EE22A5806DA002C07C1 /* ProfileVC.swift in Sources */ = {isa = PBXBuildFile; fileRef = D47E5EE12A5806DA002C07C1 /* ProfileVC.swift */; };
		D47E5EE42A5806FA002C07C1 /* NewConversationsVC.swift in Sources */ = {isa = PBXBuildFile; fileRef = D47E5EE32A5806FA002C07C1 /* NewConversationsVC.swift */; };
		D47E5EE62A58070B002C07C1 /* VideoPlayerVC.swift in Sources */ = {isa = PBXBuildFile; fileRef = D47E5EE52A58070B002C07C1 /* VideoPlayerVC.swift */; };
		D47E5EE82A58071B002C07C1 /* PhotoViewerVC.swift in Sources */ = {isa = PBXBuildFile; fileRef = D47E5EE72A58071B002C07C1 /* PhotoViewerVC.swift */; };
		D47E5EEA2A58077C002C07C1 /* LoginVC.swift in Sources */ = {isa = PBXBuildFile; fileRef = D47E5EE92A58077C002C07C1 /* LoginVC.swift */; };
		D47E5EEC2A58078A002C07C1 /* RegisterVC.swift in Sources */ = {isa = PBXBuildFile; fileRef = D47E5EEB2A58078A002C07C1 /* RegisterVC.swift */; };
		D47E5EEE2A580A88002C07C1 /* GoogleService-Info.plist in Resources */ = {isa = PBXBuildFile; fileRef = D47E5EED2A580A88002C07C1 /* GoogleService-Info.plist */; };
/* End PBXBuildFile section */

/* Begin PBXFileReference section */
		D47E5EC22A5804AA002C07C1 /* MessengerSwift.app */ = {isa = PBXFileReference; explicitFileType = wrapper.application; includeInIndex = 0; path = MessengerSwift.app; sourceTree = BUILT_PRODUCTS_DIR; };
		D47E5EC52A5804AA002C07C1 /* AppDelegate.swift */ = {isa = PBXFileReference; lastKnownFileType = sourcecode.swift; path = AppDelegate.swift; sourceTree = "<group>"; };
		D47E5EC72A5804AA002C07C1 /* SceneDelegate.swift */ = {isa = PBXFileReference; lastKnownFileType = sourcecode.swift; path = SceneDelegate.swift; sourceTree = "<group>"; };
		D47E5EC92A5804AA002C07C1 /* ConversationsVC.swift */ = {isa = PBXFileReference; lastKnownFileType = sourcecode.swift; path = ConversationsVC.swift; sourceTree = "<group>"; };
		D47E5ECC2A5804AA002C07C1 /* Base */ = {isa = PBXFileReference; lastKnownFileType = file.storyboard; name = Base; path = Base.lproj/Main.storyboard; sourceTree = "<group>"; };
		D47E5ECE2A5804AB002C07C1 /* Assets.xcassets */ = {isa = PBXFileReference; lastKnownFileType = folder.assetcatalog; path = Assets.xcassets; sourceTree = "<group>"; };
		D47E5ED12A5804AB002C07C1 /* Base */ = {isa = PBXFileReference; lastKnownFileType = file.storyboard; name = Base; path = Base.lproj/LaunchScreen.storyboard; sourceTree = "<group>"; };
		D47E5ED32A5804AB002C07C1 /* Info.plist */ = {isa = PBXFileReference; lastKnownFileType = text.plist.xml; path = Info.plist; sourceTree = "<group>"; };
		D47E5EDE2A58068D002C07C1 /* Extensions.swift */ = {isa = PBXFileReference; lastKnownFileType = sourcecode.swift; path = Extensions.swift; sourceTree = "<group>"; };
		D47E5EE12A5806DA002C07C1 /* ProfileVC.swift */ = {isa = PBXFileReference; lastKnownFileType = sourcecode.swift; path = ProfileVC.swift; sourceTree = "<group>"; };
		D47E5EE32A5806FA002C07C1 /* NewConversationsVC.swift */ = {isa = PBXFileReference; lastKnownFileType = sourcecode.swift; path = NewConversationsVC.swift; sourceTree = "<group>"; };
		D47E5EE52A58070B002C07C1 /* VideoPlayerVC.swift */ = {isa = PBXFileReference; lastKnownFileType = sourcecode.swift; path = VideoPlayerVC.swift; sourceTree = "<group>"; };
		D47E5EE72A58071B002C07C1 /* PhotoViewerVC.swift */ = {isa = PBXFileReference; lastKnownFileType = sourcecode.swift; path = PhotoViewerVC.swift; sourceTree = "<group>"; };
		D47E5EE92A58077C002C07C1 /* LoginVC.swift */ = {isa = PBXFileReference; lastKnownFileType = sourcecode.swift; path = LoginVC.swift; sourceTree = "<group>"; };
		D47E5EEB2A58078A002C07C1 /* RegisterVC.swift */ = {isa = PBXFileReference; lastKnownFileType = sourcecode.swift; path = RegisterVC.swift; sourceTree = "<group>"; };
		D47E5EED2A580A88002C07C1 /* GoogleService-Info.plist */ = {isa = PBXFileReference; fileEncoding = 4; lastKnownFileType = text.plist.xml; path = "GoogleService-Info.plist"; sourceTree = "<group>"; };
/* End PBXFileReference section */

/* Begin PBXFrameworksBuildPhase section */
		D47E5EBF2A5804AA002C07C1 /* Frameworks */ = {
			isa = PBXFrameworksBuildPhase;
			buildActionMask = 2147483647;
			files = (
				D4098CB72A5810C800F4D431 /* FirebaseAnalytics in Frameworks */,
				D4098CBD2A5810C800F4D431 /* FirebaseStorage in Frameworks */,
				D4098CB92A5810C800F4D431 /* FirebaseAuth in Frameworks */,
				D4098CBB2A5810C800F4D431 /* FirebaseFirestore in Frameworks */,
			);
			runOnlyForDeploymentPostprocessing = 0;
		};
/* End PBXFrameworksBuildPhase section */

/* Begin PBXGroup section */
		D47E5EB92A5804AA002C07C1 = {
			isa = PBXGroup;
			children = (
				D47E5EC42A5804AA002C07C1 /* MessengerSwift */,
				D47E5EC32A5804AA002C07C1 /* Products */,
			);
			sourceTree = "<group>";
		};
		D47E5EC32A5804AA002C07C1 /* Products */ = {
			isa = PBXGroup;
			children = (
				D47E5EC22A5804AA002C07C1 /* MessengerSwift.app */,
			);
			name = Products;
			sourceTree = "<group>";
		};
		D47E5EC42A5804AA002C07C1 /* MessengerSwift */ = {
			isa = PBXGroup;
			children = (
				D47E5ED92A58052A002C07C1 /* Resources */,
				D47E5EDA2A58053F002C07C1 /* Views */,
				D47E5ECE2A5804AB002C07C1 /* Assets.xcassets */,
				D47E5ED32A5804AB002C07C1 /* Info.plist */,
				D47E5EED2A580A88002C07C1 /* GoogleService-Info.plist */,
			);
			path = MessengerSwift;
			sourceTree = "<group>";
		};
		D47E5ED92A58052A002C07C1 /* Resources */ = {
			isa = PBXGroup;
			children = (
				D47E5EC52A5804AA002C07C1 /* AppDelegate.swift */,
				D47E5EC72A5804AA002C07C1 /* SceneDelegate.swift */,
				D47E5EDE2A58068D002C07C1 /* Extensions.swift */,
			);
			path = Resources;
			sourceTree = "<group>";
		};
		D47E5EDA2A58053F002C07C1 /* Views */ = {
			isa = PBXGroup;
			children = (
				D47E5EDD2A58056A002C07C1 /* StoryBoards */,
				D47E5EDC2A580562002C07C1 /* Controllers */,
			);
			path = Views;
			sourceTree = "<group>";
		};
		D47E5EDC2A580562002C07C1 /* Controllers */ = {
			isa = PBXGroup;
			children = (
				D47E5EC92A5804AA002C07C1 /* ConversationsVC.swift */,
				D47E5EE02A5806C4002C07C1 /* Login */,
				D47E5EE12A5806DA002C07C1 /* ProfileVC.swift */,
				D47E5EE32A5806FA002C07C1 /* NewConversationsVC.swift */,
				D47E5EE52A58070B002C07C1 /* VideoPlayerVC.swift */,
				D47E5EE72A58071B002C07C1 /* PhotoViewerVC.swift */,
			);
			path = Controllers;
			sourceTree = "<group>";
		};
		D47E5EDD2A58056A002C07C1 /* StoryBoards */ = {
			isa = PBXGroup;
			children = (
				D47E5ECB2A5804AA002C07C1 /* Main.storyboard */,
				D47E5ED02A5804AB002C07C1 /* LaunchScreen.storyboard */,
			);
			path = StoryBoards;
			sourceTree = "<group>";
		};
		D47E5EE02A5806C4002C07C1 /* Login */ = {
			isa = PBXGroup;
			children = (
				D47E5EE92A58077C002C07C1 /* LoginVC.swift */,
				D47E5EEB2A58078A002C07C1 /* RegisterVC.swift */,
			);
			path = Login;
			sourceTree = "<group>";
		};
/* End PBXGroup section */

/* Begin PBXNativeTarget section */
		D47E5EC12A5804AA002C07C1 /* MessengerSwift */ = {
			isa = PBXNativeTarget;
			buildConfigurationList = D47E5ED62A5804AB002C07C1 /* Build configuration list for PBXNativeTarget "MessengerSwift" */;
			buildPhases = (
				D47E5EBE2A5804AA002C07C1 /* Sources */,
				D47E5EBF2A5804AA002C07C1 /* Frameworks */,
				D47E5EC02A5804AA002C07C1 /* Resources */,
			);
			buildRules = (
			);
			dependencies = (
			);
			name = MessengerSwift;
			packageProductDependencies = (
				D4098CB62A5810C800F4D431 /* FirebaseAnalytics */,
				D4098CB82A5810C800F4D431 /* FirebaseAuth */,
				D4098CBA2A5810C800F4D431 /* FirebaseFirestore */,
				D4098CBC2A5810C800F4D431 /* FirebaseStorage */,
			);
			productName = MessengerSwift;
			productReference = D47E5EC22A5804AA002C07C1 /* MessengerSwift.app */;
			productType = "com.apple.product-type.application";
		};
/* End PBXNativeTarget section */

/* Begin PBXProject section */
		D47E5EBA2A5804AA002C07C1 /* Project object */ = {
			isa = PBXProject;
			attributes = {
				BuildIndependentTargetsInParallel = 1;
				LastSwiftUpdateCheck = 1430;
				LastUpgradeCheck = 1430;
				TargetAttributes = {
					D47E5EC12A5804AA002C07C1 = {
						CreatedOnToolsVersion = 14.3.1;
					};
				};
			};
			buildConfigurationList = D47E5EBD2A5804AA002C07C1 /* Build configuration list for PBXProject "MessengerSwift" */;
			compatibilityVersion = "Xcode 14.0";
			developmentRegion = en;
			hasScannedForEncodings = 0;
			knownRegions = (
				en,
				Base,
			);
			mainGroup = D47E5EB92A5804AA002C07C1;
			packageReferences = (
				D4098CB52A5810C800F4D431 /* XCRemoteSwiftPackageReference "firebase-ios-sdk" */,
			);
			productRefGroup = D47E5EC32A5804AA002C07C1 /* Products */;
			projectDirPath = "";
			projectRoot = "";
			targets = (
				D47E5EC12A5804AA002C07C1 /* MessengerSwift */,
			);
		};
/* End PBXProject section */

/* Begin PBXResourcesBuildPhase section */
		D47E5EC02A5804AA002C07C1 /* Resources */ = {
			isa = PBXResourcesBuildPhase;
			buildActionMask = 2147483647;
			files = (
				D47E5ED22A5804AB002C07C1 /* LaunchScreen.storyboard in Resources */,
				D47E5EEE2A580A88002C07C1 /* GoogleService-Info.plist in Resources */,
				D47E5ECF2A5804AB002C07C1 /* Assets.xcassets in Resources */,
				D47E5ECD2A5804AA002C07C1 /* Main.storyboard in Resources */,
			);
			runOnlyForDeploymentPostprocessing = 0;
		};
/* End PBXResourcesBuildPhase section */

/* Begin PBXSourcesBuildPhase section */
		D47E5EBE2A5804AA002C07C1 /* Sources */ = {
			isa = PBXSourcesBuildPhase;
			buildActionMask = 2147483647;
			files = (
				D47E5EE62A58070B002C07C1 /* VideoPlayerVC.swift in Sources */,
				D47E5EE22A5806DA002C07C1 /* ProfileVC.swift in Sources */,
				D47E5ECA2A5804AA002C07C1 /* ConversationsVC.swift in Sources */,
				D47E5EE82A58071B002C07C1 /* PhotoViewerVC.swift in Sources */,
				D47E5EC62A5804AA002C07C1 /* AppDelegate.swift in Sources */,
				D47E5EEA2A58077C002C07C1 /* LoginVC.swift in Sources */,
				D47E5EC82A5804AA002C07C1 /* SceneDelegate.swift in Sources */,
				D47E5EE42A5806FA002C07C1 /* NewConversationsVC.swift in Sources */,
				D47E5EDF2A58068D002C07C1 /* Extensions.swift in Sources */,
				D47E5EEC2A58078A002C07C1 /* RegisterVC.swift in Sources */,
			);
			runOnlyForDeploymentPostprocessing = 0;
		};
/* End PBXSourcesBuildPhase section */

/* Begin PBXVariantGroup section */
		D47E5ECB2A5804AA002C07C1 /* Main.storyboard */ = {
			isa = PBXVariantGroup;
			children = (
				D47E5ECC2A5804AA002C07C1 /* Base */,
			);
			name = Main.storyboard;
			sourceTree = "<group>";
		};
		D47E5ED02A5804AB002C07C1 /* LaunchScreen.storyboard */ = {
			isa = PBXVariantGroup;
			children = (
				D47E5ED12A5804AB002C07C1 /* Base */,
			);
			name = LaunchScreen.storyboard;
			sourceTree = "<group>";
		};
/* End PBXVariantGroup section */

/* Begin XCBuildConfiguration section */
		D47E5ED42A5804AB002C07C1 /* Debug */ = {
			isa = XCBuildConfiguration;
			buildSettings = {
				ALWAYS_SEARCH_USER_PATHS = NO;
				CLANG_ANALYZER_NONNULL = YES;
				CLANG_ANALYZER_NUMBER_OBJECT_CONVERSION = YES_AGGRESSIVE;
				CLANG_CXX_LANGUAGE_STANDARD = "gnu++20";
				CLANG_ENABLE_MODULES = YES;
				CLANG_ENABLE_OBJC_ARC = YES;
				CLANG_ENABLE_OBJC_WEAK = YES;
				CLANG_WARN_BLOCK_CAPTURE_AUTORELEASING = YES;
				CLANG_WARN_BOOL_CONVERSION = YES;
				CLANG_WARN_COMMA = YES;
				CLANG_WARN_CONSTANT_CONVERSION = YES;
				CLANG_WARN_DEPRECATED_OBJC_IMPLEMENTATIONS = YES;
				CLANG_WARN_DIRECT_OBJC_ISA_USAGE = YES_ERROR;
				CLANG_WARN_DOCUMENTATION_COMMENTS = YES;
				CLANG_WARN_EMPTY_BODY = YES;
				CLANG_WARN_ENUM_CONVERSION = YES;
				CLANG_WARN_INFINITE_RECURSION = YES;
				CLANG_WARN_INT_CONVERSION = YES;
				CLANG_WARN_NON_LITERAL_NULL_CONVERSION = YES;
				CLANG_WARN_OBJC_IMPLICIT_RETAIN_SELF = YES;
				CLANG_WARN_OBJC_LITERAL_CONVERSION = YES;
				CLANG_WARN_OBJC_ROOT_CLASS = YES_ERROR;
				CLANG_WARN_QUOTED_INCLUDE_IN_FRAMEWORK_HEADER = YES;
				CLANG_WARN_RANGE_LOOP_ANALYSIS = YES;
				CLANG_WARN_STRICT_PROTOTYPES = YES;
				CLANG_WARN_SUSPICIOUS_MOVE = YES;
				CLANG_WARN_UNGUARDED_AVAILABILITY = YES_AGGRESSIVE;
				CLANG_WARN_UNREACHABLE_CODE = YES;
				CLANG_WARN__DUPLICATE_METHOD_MATCH = YES;
				COPY_PHASE_STRIP = NO;
				DEBUG_INFORMATION_FORMAT = dwarf;
				ENABLE_STRICT_OBJC_MSGSEND = YES;
				ENABLE_TESTABILITY = YES;
				GCC_C_LANGUAGE_STANDARD = gnu11;
				GCC_DYNAMIC_NO_PIC = NO;
				GCC_NO_COMMON_BLOCKS = YES;
				GCC_OPTIMIZATION_LEVEL = 0;
				GCC_PREPROCESSOR_DEFINITIONS = (
					"DEBUG=1",
					"$(inherited)",
				);
				GCC_WARN_64_TO_32_BIT_CONVERSION = YES;
				GCC_WARN_ABOUT_RETURN_TYPE = YES_ERROR;
				GCC_WARN_UNDECLARED_SELECTOR = YES;
				GCC_WARN_UNINITIALIZED_AUTOS = YES_AGGRESSIVE;
				GCC_WARN_UNUSED_FUNCTION = YES;
				GCC_WARN_UNUSED_VARIABLE = YES;
				IPHONEOS_DEPLOYMENT_TARGET = 16.4;
				MTL_ENABLE_DEBUG_INFO = INCLUDE_SOURCE;
				MTL_FAST_MATH = YES;
				ONLY_ACTIVE_ARCH = YES;
				SDKROOT = iphoneos;
				SWIFT_ACTIVE_COMPILATION_CONDITIONS = DEBUG;
				SWIFT_OPTIMIZATION_LEVEL = "-Onone";
			};
			name = Debug;
		};
		D47E5ED52A5804AB002C07C1 /* Release */ = {
			isa = XCBuildConfiguration;
			buildSettings = {
				ALWAYS_SEARCH_USER_PATHS = NO;
				CLANG_ANALYZER_NONNULL = YES;
				CLANG_ANALYZER_NUMBER_OBJECT_CONVERSION = YES_AGGRESSIVE;
				CLANG_CXX_LANGUAGE_STANDARD = "gnu++20";
				CLANG_ENABLE_MODULES = YES;
				CLANG_ENABLE_OBJC_ARC = YES;
				CLANG_ENABLE_OBJC_WEAK = YES;
				CLANG_WARN_BLOCK_CAPTURE_AUTORELEASING = YES;
				CLANG_WARN_BOOL_CONVERSION = YES;
				CLANG_WARN_COMMA = YES;
				CLANG_WARN_CONSTANT_CONVERSION = YES;
				CLANG_WARN_DEPRECATED_OBJC_IMPLEMENTATIONS = YES;
				CLANG_WARN_DIRECT_OBJC_ISA_USAGE = YES_ERROR;
				CLANG_WARN_DOCUMENTATION_COMMENTS = YES;
				CLANG_WARN_EMPTY_BODY = YES;
				CLANG_WARN_ENUM_CONVERSION = YES;
				CLANG_WARN_INFINITE_RECURSION = YES;
				CLANG_WARN_INT_CONVERSION = YES;
				CLANG_WARN_NON_LITERAL_NULL_CONVERSION = YES;
				CLANG_WARN_OBJC_IMPLICIT_RETAIN_SELF = YES;
				CLANG_WARN_OBJC_LITERAL_CONVERSION = YES;
				CLANG_WARN_OBJC_ROOT_CLASS = YES_ERROR;
				CLANG_WARN_QUOTED_INCLUDE_IN_FRAMEWORK_HEADER = YES;
				CLANG_WARN_RANGE_LOOP_ANALYSIS = YES;
				CLANG_WARN_STRICT_PROTOTYPES = YES;
				CLANG_WARN_SUSPICIOUS_MOVE = YES;
				CLANG_WARN_UNGUARDED_AVAILABILITY = YES_AGGRESSIVE;
				CLANG_WARN_UNREACHABLE_CODE = YES;
				CLANG_WARN__DUPLICATE_METHOD_MATCH = YES;
				COPY_PHASE_STRIP = NO;
				DEBUG_INFORMATION_FORMAT = "dwarf-with-dsym";
				ENABLE_NS_ASSERTIONS = NO;
				ENABLE_STRICT_OBJC_MSGSEND = YES;
				GCC_C_LANGUAGE_STANDARD = gnu11;
				GCC_NO_COMMON_BLOCKS = YES;
				GCC_WARN_64_TO_32_BIT_CONVERSION = YES;
				GCC_WARN_ABOUT_RETURN_TYPE = YES_ERROR;
				GCC_WARN_UNDECLARED_SELECTOR = YES;
				GCC_WARN_UNINITIALIZED_AUTOS = YES_AGGRESSIVE;
				GCC_WARN_UNUSED_FUNCTION = YES;
				GCC_WARN_UNUSED_VARIABLE = YES;
				IPHONEOS_DEPLOYMENT_TARGET = 16.4;
				MTL_ENABLE_DEBUG_INFO = NO;
				MTL_FAST_MATH = YES;
				SDKROOT = iphoneos;
				SWIFT_COMPILATION_MODE = wholemodule;
				SWIFT_OPTIMIZATION_LEVEL = "-O";
				VALIDATE_PRODUCT = YES;
			};
			name = Release;
		};
		D47E5ED72A5804AB002C07C1 /* Debug */ = {
			isa = XCBuildConfiguration;
			buildSettings = {
				ASSETCATALOG_COMPILER_APPICON_NAME = AppIcon;
				ASSETCATALOG_COMPILER_GLOBAL_ACCENT_COLOR_NAME = AccentColor;
				CODE_SIGN_STYLE = Automatic;
				CURRENT_PROJECT_VERSION = 1;
				DEVELOPMENT_TEAM = 373Z282HAT;
				GENERATE_INFOPLIST_FILE = YES;
				INFOPLIST_FILE = MessengerSwift/Info.plist;
				INFOPLIST_KEY_UIApplicationSupportsIndirectInputEvents = YES;
				INFOPLIST_KEY_UILaunchStoryboardName = LaunchScreen;
				INFOPLIST_KEY_UIMainStoryboardFile = Main;
				INFOPLIST_KEY_UISupportedInterfaceOrientations_iPad = "UIInterfaceOrientationPortrait UIInterfaceOrientationPortraitUpsideDown UIInterfaceOrientationLandscapeLeft UIInterfaceOrientationLandscapeRight";
				INFOPLIST_KEY_UISupportedInterfaceOrientations_iPhone = "UIInterfaceOrientationPortrait UIInterfaceOrientationLandscapeLeft UIInterfaceOrientationLandscapeRight";
				LD_RUNPATH_SEARCH_PATHS = (
					"$(inherited)",
					"@executable_path/Frameworks",
				);
				MARKETING_VERSION = 1.0;
				PRODUCT_BUNDLE_IDENTIFIER = com.hakanbaran.MessengerSwift;
				PRODUCT_NAME = "$(TARGET_NAME)";
				SWIFT_EMIT_LOC_STRINGS = YES;
				SWIFT_VERSION = 5.0;
				TARGETED_DEVICE_FAMILY = "1,2";
			};
			name = Debug;
		};
		D47E5ED82A5804AB002C07C1 /* Release */ = {
			isa = XCBuildConfiguration;
			buildSettings = {
				ASSETCATALOG_COMPILER_APPICON_NAME = AppIcon;
				ASSETCATALOG_COMPILER_GLOBAL_ACCENT_COLOR_NAME = AccentColor;
				CODE_SIGN_STYLE = Automatic;
				CURRENT_PROJECT_VERSION = 1;
				DEVELOPMENT_TEAM = 373Z282HAT;
				GENERATE_INFOPLIST_FILE = YES;
				INFOPLIST_FILE = MessengerSwift/Info.plist;
				INFOPLIST_KEY_UIApplicationSupportsIndirectInputEvents = YES;
				INFOPLIST_KEY_UILaunchStoryboardName = LaunchScreen;
				INFOPLIST_KEY_UIMainStoryboardFile = Main;
				INFOPLIST_KEY_UISupportedInterfaceOrientations_iPad = "UIInterfaceOrientationPortrait UIInterfaceOrientationPortraitUpsideDown UIInterfaceOrientationLandscapeLeft UIInterfaceOrientationLandscapeRight";
				INFOPLIST_KEY_UISupportedInterfaceOrientations_iPhone = "UIInterfaceOrientationPortrait UIInterfaceOrientationLandscapeLeft UIInterfaceOrientationLandscapeRight";
				LD_RUNPATH_SEARCH_PATHS = (
					"$(inherited)",
					"@executable_path/Frameworks",
				);
				MARKETING_VERSION = 1.0;
				PRODUCT_BUNDLE_IDENTIFIER = com.hakanbaran.MessengerSwift;
				PRODUCT_NAME = "$(TARGET_NAME)";
				SWIFT_EMIT_LOC_STRINGS = YES;
				SWIFT_VERSION = 5.0;
				TARGETED_DEVICE_FAMILY = "1,2";
			};
			name = Release;
		};
/* End XCBuildConfiguration section */

/* Begin XCConfigurationList section */
		D47E5EBD2A5804AA002C07C1 /* Build configuration list for PBXProject "MessengerSwift" */ = {
			isa = XCConfigurationList;
			buildConfigurations = (
				D47E5ED42A5804AB002C07C1 /* Debug */,
				D47E5ED52A5804AB002C07C1 /* Release */,
			);
			defaultConfigurationIsVisible = 0;
			defaultConfigurationName = Release;
		};
		D47E5ED62A5804AB002C07C1 /* Build configuration list for PBXNativeTarget "MessengerSwift" */ = {
			isa = XCConfigurationList;
			buildConfigurations = (
				D47E5ED72A5804AB002C07C1 /* Debug */,
				D47E5ED82A5804AB002C07C1 /* Release */,
			);
			defaultConfigurationIsVisible = 0;
			defaultConfigurationName = Release;
		};
/* End XCConfigurationList section */

/* Begin XCRemoteSwiftPackageReference section */
		D4098CB52A5810C800F4D431 /* XCRemoteSwiftPackageReference "firebase-ios-sdk" */ = {
			isa = XCRemoteSwiftPackageReference;
			repositoryURL = "https://github.com/firebase/firebase-ios-sdk";
			requirement = {
				kind = upToNextMajorVersion;
				minimumVersion = 10.0.0;
			};
		};
/* End XCRemoteSwiftPackageReference section */

/* Begin XCSwiftPackageProductDependency section */
		D4098CB62A5810C800F4D431 /* FirebaseAnalytics */ = {
			isa = XCSwiftPackageProductDependency;
			package = D4098CB52A5810C800F4D431 /* XCRemoteSwiftPackageReference "firebase-ios-sdk" */;
			productName = FirebaseAnalytics;
		};
		D4098CB82A5810C800F4D431 /* FirebaseAuth */ = {
			isa = XCSwiftPackageProductDependency;
			package = D4098CB52A5810C800F4D431 /* XCRemoteSwiftPackageReference "firebase-ios-sdk" */;
			productName = FirebaseAuth;
		};
		D4098CBA2A5810C800F4D431 /* FirebaseFirestore */ = {
			isa = XCSwiftPackageProductDependency;
			package = D4098CB52A5810C800F4D431 /* XCRemoteSwiftPackageReference "firebase-ios-sdk" */;
			productName = FirebaseFirestore;
		};
		D4098CBC2A5810C800F4D431 /* FirebaseStorage */ = {
			isa = XCSwiftPackageProductDependency;
			package = D4098CB52A5810C800F4D431 /* XCRemoteSwiftPackageReference "firebase-ios-sdk" */;
			productName = FirebaseStorage;
		};
/* End XCSwiftPackageProductDependency section */
	};
	rootObject = D47E5EBA2A5804AA002C07C1 /* Project object */;
}
